
Microsoft Visual Studio Solution File, Format Version 12.00
# Visual Studio 15
VisualStudioVersion = 15.0.27004.2008
MinimumVisualStudioVersion = 10.0.40219.1
Project("{2150E333-8FDC-42A3-9474-1A3956D46DE8}") = "Web", "Web", "{A38B9724-C94E-41C2-9D3E-FB31F2EA891A}"
EndProject
Project("{2150E333-8FDC-42A3-9474-1A3956D46DE8}") = "DB", "DB", "{C568BB49-AA08-4CF4-8B65-D444B397AC6D}"
EndProject
Project("{2150E333-8FDC-42A3-9474-1A3956D46DE8}") = "Tests", "Tests", "{520C50B2-04E0-49DF-8FCE-AB492BF2C70F}"
EndProject
Project("{2150E333-8FDC-42A3-9474-1A3956D46DE8}") = "System", "System", "{6E6E55FB-42AA-4334-A519-9D12A2646B0D}"
EndProject
Project("{2150E333-8FDC-42A3-9474-1A3956D46DE8}") = "Solution Items", "Solution Items", "{761EEED4-E1C3-47D2-9274-60ED4E71AADA}"
	ProjectSection(SolutionItems) = preProject
		.editorconfig = .editorconfig
		.gitattributes = .gitattributes
		.gitignore = .gitignore
		LICENSE = LICENSE
		README.md = README.md
		TODO.MD = TODO.MD
	EndProjectSection
EndProject
Project("{2150E333-8FDC-42A3-9474-1A3956D46DE8}") = "UI", "UI", "{CBBB8FCA-602D-4A3F-AC7E-9EB3C88FD54E}"
EndProject
Project("{9A19103F-16F7-4668-BE54-9A1E7A4F7556}") = "React", "UI\React\React.csproj", "{35F2E85C-EE12-45A5-8F79-B64A647BBF59}"
EndProject
Project("{9A19103F-16F7-4668-BE54-9A1E7A4F7556}") = "Angular", "UI\Angular\Angular.csproj", "{72D1B60A-8BB8-4665-8190-E966D5036953}"
EndProject
Project("{9A19103F-16F7-4668-BE54-9A1E7A4F7556}") = "Aurelia", "UI\Aurelia\Aurelia.csproj", "{72A45BEC-69B6-4AD6-A196-8C27D9B11BBE}"
EndProject
Project("{9A19103F-16F7-4668-BE54-9A1E7A4F7556}") = "ReactRedux", "UI\ReactRedux\ReactRedux.csproj", "{BB81A697-1988-48FF-9C8E-3FAE65F90ADE}"
EndProject
Project("{9A19103F-16F7-4668-BE54-9A1E7A4F7556}") = "Vue", "UI\Vue\Vue.csproj", "{5E30C21B-DDE1-4AF8-80E6-1E71A4F848C6}"
EndProject
Project("{2150E333-8FDC-42A3-9474-1A3956D46DE8}") = "Drafts", "Drafts", "{F0FEB6A7-4762-419F-B28B-D9C5C1C8F6F8}"
	ProjectSection(SolutionItems) = preProject
		Drafts\FileUpload2\wwwroot\test.pdf = Drafts\FileUpload2\wwwroot\test.pdf
	EndProjectSection
EndProject
Project("{2150E333-8FDC-42A3-9474-1A3956D46DE8}") = "IAM", "IAM", "{B9ABD377-D411-4885-B6E6-A3AEFBEB55C8}"
EndProject
Project("{9A19103F-16F7-4668-BE54-9A1E7A4F7556}") = "IdentityServer4InMem", "IAM\IdentityServer4InMem\IdentityServer4InMem.csproj", "{9D3A9D45-A4A0-4C3F-9CFC-0B1ADEA298CD}"
EndProject
Project("{9A19103F-16F7-4668-BE54-9A1E7A4F7556}") = "IdentityServer4NoUI", "IAM\IdentityServer4NoUI\IdentityServer4NoUI.csproj", "{BE8DB278-BA67-44E3-B367-6DDF1DBEA944}"
EndProject
Project("{9A19103F-16F7-4668-BE54-9A1E7A4F7556}") = "IdentityServer4UI", "IAM\IdentityServer4UI\IdentityServer4UI.csproj", "{A74B0AEB-3377-443E-9A5F-FED31C8D7653}"
EndProject
Project("{2150E333-8FDC-42A3-9474-1A3956D46DE8}") = "IdentityServer", "IdentityServer", "{54A1BEC1-AA63-4D0B-AD45-B2E38B6E244A}"
EndProject
Project("{FAE04EC0-301F-11D3-BF4B-00C04F79EFBC}") = "Pluralsight.Crypto", "System\Pluralsight.Crypto\Pluralsight.Crypto.csproj", "{FC8E9D5F-3378-4C63-9B6C-5D567F8603B2}"
EndProject
Project("{FAE04EC0-301F-11D3-BF4B-00C04F79EFBC}") = "SelfCert", "System\SelfCert\SelfCert.csproj", "{5AAB938C-EECB-4BB1-875B-264CC8930050}"
EndProject
Project("{2150E333-8FDC-42A3-9474-1A3956D46DE8}") = "CertificateGeneration", "CertificateGeneration", "{E4C39474-A0FF-4E19-B708-4E0100A2FD10}"
EndProject
Project("{9A19103F-16F7-4668-BE54-9A1E7A4F7556}") = "test", "Drafts\test\test.csproj", "{F8862749-806A-47F2-B8EF-376671D0BEDA}"
EndProject
Project("{9A19103F-16F7-4668-BE54-9A1E7A4F7556}") = "WebApplication1", "Drafts\WebApplication1\WebApplication1.csproj", "{E6D4B186-D7B7-4D93-80B6-FABF832A8E67}"
EndProject
Project("{9A19103F-16F7-4668-BE54-9A1E7A4F7556}") = "Prerequisites", "System\Prerequisites\Prerequisites.csproj", "{BCD54B53-754E-4F75-ACE9-8A76000A7C69}"
EndProject
Project("{9A19103F-16F7-4668-BE54-9A1E7A4F7556}") = "FunctionalTests", "Tests\FunctionalTests\FunctionalTests.csproj", "{0BD157DC-7A88-40B3-B853-95BE10648A7F}"
EndProject
Project("{9A19103F-16F7-4668-BE54-9A1E7A4F7556}") = "IntegrationTests", "Tests\IntegrationTests\IntegrationTests.csproj", "{FE42F622-EBAD-4AC2-86EC-7BCB5DEEE09C}"
EndProject
Project("{9A19103F-16F7-4668-BE54-9A1E7A4F7556}") = "UnitTests", "Tests\UnitTests\UnitTests.csproj", "{79C465E0-BF60-424A-8663-3DDEA0F13299}"
EndProject
Project("{9A19103F-16F7-4668-BE54-9A1E7A4F7556}") = "CDN", "Web\CDN\CDN.csproj", "{85077D45-154C-4CB3-9634-4AB429452FE7}"
EndProject
Project("{9A19103F-16F7-4668-BE54-9A1E7A4F7556}") = "Server", "Web\Server\Server.csproj", "{6691A783-B452-4747-86E9-C6F903231E59}"
EndProject
Project("{9A19103F-16F7-4668-BE54-9A1E7A4F7556}") = "FileUpload", "Drafts\FileUpload\FileUpload.csproj", "{190351EC-7800-41FB-A91D-5E265658C65A}"
EndProject
Project("{9A19103F-16F7-4668-BE54-9A1E7A4F7556}") = "WebApplication2", "Drafts\WebApplication2\WebApplication2.csproj", "{873C64F5-2108-45E6-AFAC-431BAF1AB527}"
EndProject
Project("{9A19103F-16F7-4668-BE54-9A1E7A4F7556}") = "FileUpload2Test", "Drafts\FileUpload2Test\FileUpload2Test.csproj", "{4645AE63-0707-4A22-B617-8CAEEEB400D6}"
EndProject
Project("{9A19103F-16F7-4668-BE54-9A1E7A4F7556}") = "FileUpload2", "Drafts\FileUpload2\FileUpload2.csproj", "{E6E020C2-E709-4A9C-9CEF-B6A38C69C986}"
EndProject
Project("{9A19103F-16F7-4668-BE54-9A1E7A4F7556}") = "Knockout", "UI\Knockout\Knockout.csproj", "{98062C88-0098-4EC7-9B95-AA13E47A2DDA}"
EndProject
Global
	GlobalSection(SolutionConfigurationPlatforms) = preSolution
		Debug|Any CPU = Debug|Any CPU
		Release|Any CPU = Release|Any CPU
	EndGlobalSection
	GlobalSection(ProjectConfigurationPlatforms) = postSolution
		{35F2E85C-EE12-45A5-8F79-B64A647BBF59}.Debug|Any CPU.ActiveCfg = Debug|Any CPU
		{35F2E85C-EE12-45A5-8F79-B64A647BBF59}.Debug|Any CPU.Build.0 = Debug|Any CPU
		{35F2E85C-EE12-45A5-8F79-B64A647BBF59}.Release|Any CPU.ActiveCfg = Debug|Any CPU
		{35F2E85C-EE12-45A5-8F79-B64A647BBF59}.Release|Any CPU.Build.0 = Debug|Any CPU
		{72D1B60A-8BB8-4665-8190-E966D5036953}.Debug|Any CPU.ActiveCfg = Debug|Any CPU
		{72D1B60A-8BB8-4665-8190-E966D5036953}.Debug|Any CPU.Build.0 = Debug|Any CPU
		{72D1B60A-8BB8-4665-8190-E966D5036953}.Release|Any CPU.ActiveCfg = Debug|Any CPU
		{72D1B60A-8BB8-4665-8190-E966D5036953}.Release|Any CPU.Build.0 = Debug|Any CPU
		{72A45BEC-69B6-4AD6-A196-8C27D9B11BBE}.Debug|Any CPU.ActiveCfg = Debug|Any CPU
		{72A45BEC-69B6-4AD6-A196-8C27D9B11BBE}.Debug|Any CPU.Build.0 = Debug|Any CPU
		{72A45BEC-69B6-4AD6-A196-8C27D9B11BBE}.Release|Any CPU.ActiveCfg = Debug|Any CPU
		{72A45BEC-69B6-4AD6-A196-8C27D9B11BBE}.Release|Any CPU.Build.0 = Debug|Any CPU
		{BB81A697-1988-48FF-9C8E-3FAE65F90ADE}.Debug|Any CPU.ActiveCfg = Debug|Any CPU
		{BB81A697-1988-48FF-9C8E-3FAE65F90ADE}.Debug|Any CPU.Build.0 = Debug|Any CPU
		{BB81A697-1988-48FF-9C8E-3FAE65F90ADE}.Release|Any CPU.ActiveCfg = Debug|Any CPU
		{BB81A697-1988-48FF-9C8E-3FAE65F90ADE}.Release|Any CPU.Build.0 = Debug|Any CPU
		{5E30C21B-DDE1-4AF8-80E6-1E71A4F848C6}.Debug|Any CPU.ActiveCfg = Debug|Any CPU
		{5E30C21B-DDE1-4AF8-80E6-1E71A4F848C6}.Debug|Any CPU.Build.0 = Debug|Any CPU
		{5E30C21B-DDE1-4AF8-80E6-1E71A4F848C6}.Release|Any CPU.ActiveCfg = Debug|Any CPU
		{5E30C21B-DDE1-4AF8-80E6-1E71A4F848C6}.Release|Any CPU.Build.0 = Debug|Any CPU
		{9D3A9D45-A4A0-4C3F-9CFC-0B1ADEA298CD}.Debug|Any CPU.ActiveCfg = Debug|Any CPU
		{9D3A9D45-A4A0-4C3F-9CFC-0B1ADEA298CD}.Debug|Any CPU.Build.0 = Debug|Any CPU
		{9D3A9D45-A4A0-4C3F-9CFC-0B1ADEA298CD}.Release|Any CPU.ActiveCfg = Debug|Any CPU
		{9D3A9D45-A4A0-4C3F-9CFC-0B1ADEA298CD}.Release|Any CPU.Build.0 = Debug|Any CPU
		{BE8DB278-BA67-44E3-B367-6DDF1DBEA944}.Debug|Any CPU.ActiveCfg = Debug|Any CPU
		{BE8DB278-BA67-44E3-B367-6DDF1DBEA944}.Debug|Any CPU.Build.0 = Debug|Any CPU
		{BE8DB278-BA67-44E3-B367-6DDF1DBEA944}.Release|Any CPU.ActiveCfg = Debug|Any CPU
		{BE8DB278-BA67-44E3-B367-6DDF1DBEA944}.Release|Any CPU.Build.0 = Debug|Any CPU
		{A74B0AEB-3377-443E-9A5F-FED31C8D7653}.Debug|Any CPU.ActiveCfg = Debug|Any CPU
		{A74B0AEB-3377-443E-9A5F-FED31C8D7653}.Debug|Any CPU.Build.0 = Debug|Any CPU
		{A74B0AEB-3377-443E-9A5F-FED31C8D7653}.Release|Any CPU.ActiveCfg = Debug|Any CPU
		{A74B0AEB-3377-443E-9A5F-FED31C8D7653}.Release|Any CPU.Build.0 = Debug|Any CPU
		{FC8E9D5F-3378-4C63-9B6C-5D567F8603B2}.Debug|Any CPU.ActiveCfg = Debug|Any CPU
		{FC8E9D5F-3378-4C63-9B6C-5D567F8603B2}.Debug|Any CPU.Build.0 = Debug|Any CPU
		{FC8E9D5F-3378-4C63-9B6C-5D567F8603B2}.Release|Any CPU.ActiveCfg = Debug|Any CPU
		{FC8E9D5F-3378-4C63-9B6C-5D567F8603B2}.Release|Any CPU.Build.0 = Debug|Any CPU
		{5AAB938C-EECB-4BB1-875B-264CC8930050}.Debug|Any CPU.ActiveCfg = Debug|Any CPU
		{5AAB938C-EECB-4BB1-875B-264CC8930050}.Debug|Any CPU.Build.0 = Debug|Any CPU
		{5AAB938C-EECB-4BB1-875B-264CC8930050}.Release|Any CPU.ActiveCfg = Debug|Any CPU
		{5AAB938C-EECB-4BB1-875B-264CC8930050}.Release|Any CPU.Build.0 = Debug|Any CPU
		{F8862749-806A-47F2-B8EF-376671D0BEDA}.Debug|Any CPU.ActiveCfg = Debug|Any CPU
		{F8862749-806A-47F2-B8EF-376671D0BEDA}.Debug|Any CPU.Build.0 = Debug|Any CPU
		{F8862749-806A-47F2-B8EF-376671D0BEDA}.Release|Any CPU.ActiveCfg = Debug|Any CPU
		{F8862749-806A-47F2-B8EF-376671D0BEDA}.Release|Any CPU.Build.0 = Debug|Any CPU
		{E6D4B186-D7B7-4D93-80B6-FABF832A8E67}.Debug|Any CPU.ActiveCfg = Debug|Any CPU
		{E6D4B186-D7B7-4D93-80B6-FABF832A8E67}.Debug|Any CPU.Build.0 = Debug|Any CPU
		{E6D4B186-D7B7-4D93-80B6-FABF832A8E67}.Release|Any CPU.ActiveCfg = Debug|Any CPU
		{E6D4B186-D7B7-4D93-80B6-FABF832A8E67}.Release|Any CPU.Build.0 = Debug|Any CPU
		{BCD54B53-754E-4F75-ACE9-8A76000A7C69}.Debug|Any CPU.ActiveCfg = Debug|Any CPU
		{BCD54B53-754E-4F75-ACE9-8A76000A7C69}.Debug|Any CPU.Build.0 = Debug|Any CPU
		{BCD54B53-754E-4F75-ACE9-8A76000A7C69}.Release|Any CPU.ActiveCfg = Debug|Any CPU
		{BCD54B53-754E-4F75-ACE9-8A76000A7C69}.Release|Any CPU.Build.0 = Debug|Any CPU
		{0BD157DC-7A88-40B3-B853-95BE10648A7F}.Debug|Any CPU.ActiveCfg = Debug|Any CPU
		{0BD157DC-7A88-40B3-B853-95BE10648A7F}.Debug|Any CPU.Build.0 = Debug|Any CPU
		{0BD157DC-7A88-40B3-B853-95BE10648A7F}.Release|Any CPU.ActiveCfg = Debug|Any CPU
		{0BD157DC-7A88-40B3-B853-95BE10648A7F}.Release|Any CPU.Build.0 = Debug|Any CPU
		{FE42F622-EBAD-4AC2-86EC-7BCB5DEEE09C}.Debug|Any CPU.ActiveCfg = Debug|Any CPU
		{FE42F622-EBAD-4AC2-86EC-7BCB5DEEE09C}.Debug|Any CPU.Build.0 = Debug|Any CPU
		{FE42F622-EBAD-4AC2-86EC-7BCB5DEEE09C}.Release|Any CPU.ActiveCfg = Debug|Any CPU
		{FE42F622-EBAD-4AC2-86EC-7BCB5DEEE09C}.Release|Any CPU.Build.0 = Debug|Any CPU
		{79C465E0-BF60-424A-8663-3DDEA0F13299}.Debug|Any CPU.ActiveCfg = Debug|Any CPU
		{79C465E0-BF60-424A-8663-3DDEA0F13299}.Debug|Any CPU.Build.0 = Debug|Any CPU
		{79C465E0-BF60-424A-8663-3DDEA0F13299}.Release|Any CPU.ActiveCfg = Debug|Any CPU
		{79C465E0-BF60-424A-8663-3DDEA0F13299}.Release|Any CPU.Build.0 = Debug|Any CPU
		{85077D45-154C-4CB3-9634-4AB429452FE7}.Debug|Any CPU.ActiveCfg = Debug|Any CPU
		{85077D45-154C-4CB3-9634-4AB429452FE7}.Debug|Any CPU.Build.0 = Debug|Any CPU
		{85077D45-154C-4CB3-9634-4AB429452FE7}.Release|Any CPU.ActiveCfg = Debug|Any CPU
		{85077D45-154C-4CB3-9634-4AB429452FE7}.Release|Any CPU.Build.0 = Debug|Any CPU
		{6691A783-B452-4747-86E9-C6F903231E59}.Debug|Any CPU.ActiveCfg = Debug|Any CPU
		{6691A783-B452-4747-86E9-C6F903231E59}.Debug|Any CPU.Build.0 = Debug|Any CPU
		{6691A783-B452-4747-86E9-C6F903231E59}.Release|Any CPU.ActiveCfg = Debug|Any CPU
		{6691A783-B452-4747-86E9-C6F903231E59}.Release|Any CPU.Build.0 = Debug|Any CPU
		{190351EC-7800-41FB-A91D-5E265658C65A}.Debug|Any CPU.ActiveCfg = Debug|Any CPU
		{190351EC-7800-41FB-A91D-5E265658C65A}.Debug|Any CPU.Build.0 = Debug|Any CPU
		{190351EC-7800-41FB-A91D-5E265658C65A}.Release|Any CPU.ActiveCfg = Debug|Any CPU
		{190351EC-7800-41FB-A91D-5E265658C65A}.Release|Any CPU.Build.0 = Debug|Any CPU
		{873C64F5-2108-45E6-AFAC-431BAF1AB527}.Debug|Any CPU.ActiveCfg = Debug|Any CPU
		{873C64F5-2108-45E6-AFAC-431BAF1AB527}.Debug|Any CPU.Build.0 = Debug|Any CPU
		{873C64F5-2108-45E6-AFAC-431BAF1AB527}.Release|Any CPU.ActiveCfg = Debug|Any CPU
		{873C64F5-2108-45E6-AFAC-431BAF1AB527}.Release|Any CPU.Build.0 = Debug|Any CPU
		{4645AE63-0707-4A22-B617-8CAEEEB400D6}.Debug|Any CPU.ActiveCfg = Debug|Any CPU
		{4645AE63-0707-4A22-B617-8CAEEEB400D6}.Debug|Any CPU.Build.0 = Debug|Any CPU
		{4645AE63-0707-4A22-B617-8CAEEEB400D6}.Release|Any CPU.ActiveCfg = Debug|Any CPU
		{4645AE63-0707-4A22-B617-8CAEEEB400D6}.Release|Any CPU.Build.0 = Debug|Any CPU
		{E6E020C2-E709-4A9C-9CEF-B6A38C69C986}.Debug|Any CPU.ActiveCfg = Debug|Any CPU
		{E6E020C2-E709-4A9C-9CEF-B6A38C69C986}.Debug|Any CPU.Build.0 = Debug|Any CPU
		{E6E020C2-E709-4A9C-9CEF-B6A38C69C986}.Release|Any CPU.ActiveCfg = Debug|Any CPU
		{E6E020C2-E709-4A9C-9CEF-B6A38C69C986}.Release|Any CPU.Build.0 = Debug|Any CPU
		{98062C88-0098-4EC7-9B95-AA13E47A2DDA}.Debug|Any CPU.ActiveCfg = Debug|Any CPU
		{98062C88-0098-4EC7-9B95-AA13E47A2DDA}.Debug|Any CPU.Build.0 = Debug|Any CPU
		{98062C88-0098-4EC7-9B95-AA13E47A2DDA}.Release|Any CPU.ActiveCfg = Release|Any CPU
		{98062C88-0098-4EC7-9B95-AA13E47A2DDA}.Release|Any CPU.Build.0 = Release|Any CPU
	EndGlobalSection
	GlobalSection(SolutionProperties) = preSolution
		HideSolutionNode = FALSE
	EndGlobalSection
	GlobalSection(NestedProjects) = preSolution
		{35F2E85C-EE12-45A5-8F79-B64A647BBF59} = {CBBB8FCA-602D-4A3F-AC7E-9EB3C88FD54E}
		{72D1B60A-8BB8-4665-8190-E966D5036953} = {CBBB8FCA-602D-4A3F-AC7E-9EB3C88FD54E}
		{72A45BEC-69B6-4AD6-A196-8C27D9B11BBE} = {CBBB8FCA-602D-4A3F-AC7E-9EB3C88FD54E}
		{BB81A697-1988-48FF-9C8E-3FAE65F90ADE} = {CBBB8FCA-602D-4A3F-AC7E-9EB3C88FD54E}
		{5E30C21B-DDE1-4AF8-80E6-1E71A4F848C6} = {CBBB8FCA-602D-4A3F-AC7E-9EB3C88FD54E}
		{9D3A9D45-A4A0-4C3F-9CFC-0B1ADEA298CD} = {54A1BEC1-AA63-4D0B-AD45-B2E38B6E244A}
		{BE8DB278-BA67-44E3-B367-6DDF1DBEA944} = {54A1BEC1-AA63-4D0B-AD45-B2E38B6E244A}
		{A74B0AEB-3377-443E-9A5F-FED31C8D7653} = {54A1BEC1-AA63-4D0B-AD45-B2E38B6E244A}
		{54A1BEC1-AA63-4D0B-AD45-B2E38B6E244A} = {B9ABD377-D411-4885-B6E6-A3AEFBEB55C8}
		{FC8E9D5F-3378-4C63-9B6C-5D567F8603B2} = {E4C39474-A0FF-4E19-B708-4E0100A2FD10}
		{5AAB938C-EECB-4BB1-875B-264CC8930050} = {E4C39474-A0FF-4E19-B708-4E0100A2FD10}
		{E4C39474-A0FF-4E19-B708-4E0100A2FD10} = {6E6E55FB-42AA-4334-A519-9D12A2646B0D}
		{F8862749-806A-47F2-B8EF-376671D0BEDA} = {F0FEB6A7-4762-419F-B28B-D9C5C1C8F6F8}
		{E6D4B186-D7B7-4D93-80B6-FABF832A8E67} = {F0FEB6A7-4762-419F-B28B-D9C5C1C8F6F8}
		{BCD54B53-754E-4F75-ACE9-8A76000A7C69} = {6E6E55FB-42AA-4334-A519-9D12A2646B0D}
		{0BD157DC-7A88-40B3-B853-95BE10648A7F} = {520C50B2-04E0-49DF-8FCE-AB492BF2C70F}
		{FE42F622-EBAD-4AC2-86EC-7BCB5DEEE09C} = {520C50B2-04E0-49DF-8FCE-AB492BF2C70F}
		{79C465E0-BF60-424A-8663-3DDEA0F13299} = {520C50B2-04E0-49DF-8FCE-AB492BF2C70F}
		{85077D45-154C-4CB3-9634-4AB429452FE7} = {A38B9724-C94E-41C2-9D3E-FB31F2EA891A}
		{6691A783-B452-4747-86E9-C6F903231E59} = {A38B9724-C94E-41C2-9D3E-FB31F2EA891A}
		{190351EC-7800-41FB-A91D-5E265658C65A} = {F0FEB6A7-4762-419F-B28B-D9C5C1C8F6F8}
		{873C64F5-2108-45E6-AFAC-431BAF1AB527} = {F0FEB6A7-4762-419F-B28B-D9C5C1C8F6F8}
		{4645AE63-0707-4A22-B617-8CAEEEB400D6} = {F0FEB6A7-4762-419F-B28B-D9C5C1C8F6F8}
		{E6E020C2-E709-4A9C-9CEF-B6A38C69C986} = {F0FEB6A7-4762-419F-B28B-D9C5C1C8F6F8}
		{98062C88-0098-4EC7-9B95-AA13E47A2DDA} = {CBBB8FCA-602D-4A3F-AC7E-9EB3C88FD54E}
	EndGlobalSection
	GlobalSection(ExtensibilityGlobals) = postSolution
		SolutionGuid = {123847FC-EBBB-4C7F-A530-4C1538D7C746}
	EndGlobalSection
EndGlobal
